
Microsoft Visual Studio Solution File, Format Version 12.00
# Visual Studio Version 17
VisualStudioVersion = 17.1.32228.430
MinimumVisualStudioVersion = 10.0.40219.1
Project("{9A19103F-16F7-4668-BE54-9A1E7A4F7556}") = "TiendaOnline.Web", "TiendaOnline.Web\TiendaOnline.Web.csproj", "{0E742BB3-7BA0-4EB0-BAF8-4C7C05653C33}"
EndProject
Project("{9A19103F-16F7-4668-BE54-9A1E7A4F7556}") = "TiendaOnline.Prism", "TiendaOnline.Prism\TiendaOnline.Prism\TiendaOnline.Prism.csproj", "{9B6AC9B7-778E-4C25-9DFC-D5189B50ED9E}"
EndProject
Project("{FAE04EC0-301F-11D3-BF4B-00C04F79EFBC}") = "TiendaOnline.Prism.Android", "TiendaOnline.Prism\TiendaOnline.Prism.Android\TiendaOnline.Prism.Android.csproj", "{83A697A0-6BD0-4A4D-BBD9-283B75A9F072}"
EndProject
Project("{FAE04EC0-301F-11D3-BF4B-00C04F79EFBC}") = "TiendaOnline.Prism.iOS", "TiendaOnline.Prism\TiendaOnline.Prism.iOS\TiendaOnline.Prism.iOS.csproj", "{82B3A030-1E8D-4F3C-99DA-FDA2A37AF68D}"
EndProject
Project("{FAE04EC0-301F-11D3-BF4B-00C04F79EFBC}") = "TiendaOnline.Common", "TiendaOnline.Common\TiendaOnline.Common.csproj", "{C27393E4-16EA-4862-BD3D-446AC14872DA}"
EndProject
Global
	GlobalSection(SolutionConfigurationPlatforms) = preSolution
		Ad-Hoc|Any CPU = Ad-Hoc|Any CPU
		Ad-Hoc|iPhone = Ad-Hoc|iPhone
		Ad-Hoc|iPhoneSimulator = Ad-Hoc|iPhoneSimulator
		AppStore|Any CPU = AppStore|Any CPU
		AppStore|iPhone = AppStore|iPhone
		AppStore|iPhoneSimulator = AppStore|iPhoneSimulator
		Debug|Any CPU = Debug|Any CPU
		Debug|iPhone = Debug|iPhone
		Debug|iPhoneSimulator = Debug|iPhoneSimulator
		Release|Any CPU = Release|Any CPU
		Release|iPhone = Release|iPhone
		Release|iPhoneSimulator = Release|iPhoneSimulator
	EndGlobalSection
	GlobalSection(ProjectConfigurationPlatforms) = postSolution
		{0E742BB3-7BA0-4EB0-BAF8-4C7C05653C33}.Ad-Hoc|Any CPU.ActiveCfg = Release|Any CPU
		{0E742BB3-7BA0-4EB0-BAF8-4C7C05653C33}.Ad-Hoc|Any CPU.Build.0 = Release|Any CPU
		{0E742BB3-7BA0-4EB0-BAF8-4C7C05653C33}.Ad-Hoc|iPhone.ActiveCfg = Release|Any CPU
		{0E742BB3-7BA0-4EB0-BAF8-4C7C05653C33}.Ad-Hoc|iPhone.Build.0 = Release|Any CPU
		{0E742BB3-7BA0-4EB0-BAF8-4C7C05653C33}.Ad-Hoc|iPhoneSimulator.ActiveCfg = Release|Any CPU
		{0E742BB3-7BA0-4EB0-BAF8-4C7C05653C33}.Ad-Hoc|iPhoneSimulator.Build.0 = Release|Any CPU
		{0E742BB3-7BA0-4EB0-BAF8-4C7C05653C33}.AppStore|Any CPU.ActiveCfg = Release|Any CPU
		{0E742BB3-7BA0-4EB0-BAF8-4C7C05653C33}.AppStore|Any CPU.Build.0 = Release|Any CPU
		{0E742BB3-7BA0-4EB0-BAF8-4C7C05653C33}.AppStore|iPhone.ActiveCfg = Release|Any CPU
		{0E742BB3-7BA0-4EB0-BAF8-4C7C05653C33}.AppStore|iPhone.Build.0 = Release|Any CPU
		{0E742BB3-7BA0-4EB0-BAF8-4C7C05653C33}.AppStore|iPhoneSimulator.ActiveCfg = Release|Any CPU
		{0E742BB3-7BA0-4EB0-BAF8-4C7C05653C33}.AppStore|iPhoneSimulator.Build.0 = Release|Any CPU
		{0E742BB3-7BA0-4EB0-BAF8-4C7C05653C33}.Debug|Any CPU.ActiveCfg = Debug|Any CPU
		{0E742BB3-7BA0-4EB0-BAF8-4C7C05653C33}.Debug|Any CPU.Build.0 = Debug|Any CPU
		{0E742BB3-7BA0-4EB0-BAF8-4C7C05653C33}.Debug|iPhone.ActiveCfg = Debug|Any CPU
		{0E742BB3-7BA0-4EB0-BAF8-4C7C05653C33}.Debug|iPhone.Build.0 = Debug|Any CPU
		{0E742BB3-7BA0-4EB0-BAF8-4C7C05653C33}.Debug|iPhoneSimulator.ActiveCfg = Debug|Any CPU
		{0E742BB3-7BA0-4EB0-BAF8-4C7C05653C33}.Debug|iPhoneSimulator.Build.0 = Debug|Any CPU
		{0E742BB3-7BA0-4EB0-BAF8-4C7C05653C33}.Release|Any CPU.ActiveCfg = Release|Any CPU
		{0E742BB3-7BA0-4EB0-BAF8-4C7C05653C33}.Release|Any CPU.Build.0 = Release|Any CPU
		{0E742BB3-7BA0-4EB0-BAF8-4C7C05653C33}.Release|iPhone.ActiveCfg = Release|Any CPU
		{0E742BB3-7BA0-4EB0-BAF8-4C7C05653C33}.Release|iPhone.Build.0 = Release|Any CPU
		{0E742BB3-7BA0-4EB0-BAF8-4C7C05653C33}.Release|iPhoneSimulator.ActiveCfg = Release|Any CPU
		{0E742BB3-7BA0-4EB0-BAF8-4C7C05653C33}.Release|iPhoneSimulator.Build.0 = Release|Any CPU
		{9B6AC9B7-778E-4C25-9DFC-D5189B50ED9E}.Ad-Hoc|Any CPU.ActiveCfg = Debug|Any CPU
		{9B6AC9B7-778E-4C25-9DFC-D5189B50ED9E}.Ad-Hoc|Any CPU.Build.0 = Debug|Any CPU
		{9B6AC9B7-778E-4C25-9DFC-D5189B50ED9E}.Ad-Hoc|iPhone.ActiveCfg = Debug|Any CPU
		{9B6AC9B7-778E-4C25-9DFC-D5189B50ED9E}.Ad-Hoc|iPhone.Build.0 = Debug|Any CPU
		{9B6AC9B7-778E-4C25-9DFC-D5189B50ED9E}.Ad-Hoc|iPhoneSimulator.ActiveCfg = Debug|Any CPU
		{9B6AC9B7-778E-4C25-9DFC-D5189B50ED9E}.Ad-Hoc|iPhoneSimulator.Build.0 = Debug|Any CPU
		{9B6AC9B7-778E-4C25-9DFC-D5189B50ED9E}.AppStore|Any CPU.ActiveCfg = Debug|Any CPU
		{9B6AC9B7-778E-4C25-9DFC-D5189B50ED9E}.AppStore|Any CPU.Build.0 = Debug|Any CPU
		{9B6AC9B7-778E-4C25-9DFC-D5189B50ED9E}.AppStore|iPhone.ActiveCfg = Debug|Any CPU
		{9B6AC9B7-778E-4C25-9DFC-D5189B50ED9E}.AppStore|iPhone.Build.0 = Debug|Any CPU
		{9B6AC9B7-778E-4C25-9DFC-D5189B50ED9E}.AppStore|iPhoneSimulator.ActiveCfg = Debug|Any CPU
		{9B6AC9B7-778E-4C25-9DFC-D5189B50ED9E}.AppStore|iPhoneSimulator.Build.0 = Debug|Any CPU
		{9B6AC9B7-778E-4C25-9DFC-D5189B50ED9E}.Debug|Any CPU.ActiveCfg = Debug|Any CPU
		{9B6AC9B7-778E-4C25-9DFC-D5189B50ED9E}.Debug|Any CPU.Build.0 = Debug|Any CPU
		{9B6AC9B7-778E-4C25-9DFC-D5189B50ED9E}.Debug|iPhone.ActiveCfg = Debug|Any CPU
		{9B6AC9B7-778E-4C25-9DFC-D5189B50ED9E}.Debug|iPhone.Build.0 = Debug|Any CPU
		{9B6AC9B7-778E-4C25-9DFC-D5189B50ED9E}.Debug|iPhoneSimulator.ActiveCfg = Debug|Any CPU
		{9B6AC9B7-778E-4C25-9DFC-D5189B50ED9E}.Debug|iPhoneSimulator.Build.0 = Debug|Any CPU
		{9B6AC9B7-778E-4C25-9DFC-D5189B50ED9E}.Release|Any CPU.ActiveCfg = Release|Any CPU
		{9B6AC9B7-778E-4C25-9DFC-D5189B50ED9E}.Release|Any CPU.Build.0 = Release|Any CPU
		{9B6AC9B7-778E-4C25-9DFC-D5189B50ED9E}.Release|iPhone.ActiveCfg = Release|Any CPU
		{9B6AC9B7-778E-4C25-9DFC-D5189B50ED9E}.Release|iPhone.Build.0 = Release|Any CPU
		{9B6AC9B7-778E-4C25-9DFC-D5189B50ED9E}.Release|iPhoneSimulator.ActiveCfg = Release|Any CPU
		{9B6AC9B7-778E-4C25-9DFC-D5189B50ED9E}.Release|iPhoneSimulator.Build.0 = Release|Any CPU
		{83A697A0-6BD0-4A4D-BBD9-283B75A9F072}.Ad-Hoc|Any CPU.ActiveCfg = Debug|Any CPU
		{83A697A0-6BD0-4A4D-BBD9-283B75A9F072}.Ad-Hoc|Any CPU.Build.0 = Debug|Any CPU
		{83A697A0-6BD0-4A4D-BBD9-283B75A9F072}.Ad-Hoc|Any CPU.Deploy.0 = Debug|Any CPU
		{83A697A0-6BD0-4A4D-BBD9-283B75A9F072}.Ad-Hoc|iPhone.ActiveCfg = Debug|Any CPU
		{83A697A0-6BD0-4A4D-BBD9-283B75A9F072}.Ad-Hoc|iPhone.Build.0 = Debug|Any CPU
		{83A697A0-6BD0-4A4D-BBD9-283B75A9F072}.Ad-Hoc|iPhone.Deploy.0 = Debug|Any CPU
		{83A697A0-6BD0-4A4D-BBD9-283B75A9F072}.Ad-Hoc|iPhoneSimulator.ActiveCfg = Debug|Any CPU
		{83A697A0-6BD0-4A4D-BBD9-283B75A9F072}.Ad-Hoc|iPhoneSimulator.Build.0 = Debug|Any CPU
		{83A697A0-6BD0-4A4D-BBD9-283B75A9F072}.Ad-Hoc|iPhoneSimulator.Deploy.0 = Debug|Any CPU
		{83A697A0-6BD0-4A4D-BBD9-283B75A9F072}.AppStore|Any CPU.ActiveCfg = Debug|Any CPU
		{83A697A0-6BD0-4A4D-BBD9-283B75A9F072}.AppStore|Any CPU.Build.0 = Debug|Any CPU
		{83A697A0-6BD0-4A4D-BBD9-283B75A9F072}.AppStore|Any CPU.Deploy.0 = Debug|Any CPU
		{83A697A0-6BD0-4A4D-BBD9-283B75A9F072}.AppStore|iPhone.ActiveCfg = Debug|Any CPU
		{83A697A0-6BD0-4A4D-BBD9-283B75A9F072}.AppStore|iPhone.Build.0 = Debug|Any CPU
		{83A697A0-6BD0-4A4D-BBD9-283B75A9F072}.AppStore|iPhone.Deploy.0 = Debug|Any CPU
		{83A697A0-6BD0-4A4D-BBD9-283B75A9F072}.AppStore|iPhoneSimulator.ActiveCfg = Debug|Any CPU
		{83A697A0-6BD0-4A4D-BBD9-283B75A9F072}.AppStore|iPhoneSimulator.Build.0 = Debug|Any CPU
		{83A697A0-6BD0-4A4D-BBD9-283B75A9F072}.AppStore|iPhoneSimulator.Deploy.0 = Debug|Any CPU
		{83A697A0-6BD0-4A4D-BBD9-283B75A9F072}.Debug|Any CPU.ActiveCfg = Debug|Any CPU
		{83A697A0-6BD0-4A4D-BBD9-283B75A9F072}.Debug|Any CPU.Build.0 = Debug|Any CPU
		{83A697A0-6BD0-4A4D-BBD9-283B75A9F072}.Debug|Any CPU.Deploy.0 = Debug|Any CPU
		{83A697A0-6BD0-4A4D-BBD9-283B75A9F072}.Debug|iPhone.ActiveCfg = Debug|Any CPU
		{83A697A0-6BD0-4A4D-BBD9-283B75A9F072}.Debug|iPhone.Build.0 = Debug|Any CPU
		{83A697A0-6BD0-4A4D-BBD9-283B75A9F072}.Debug|iPhone.Deploy.0 = Debug|Any CPU
		{83A697A0-6BD0-4A4D-BBD9-283B75A9F072}.Debug|iPhoneSimulator.ActiveCfg = Debug|Any CPU
		{83A697A0-6BD0-4A4D-BBD9-283B75A9F072}.Debug|iPhoneSimulator.Build.0 = Debug|Any CPU
		{83A697A0-6BD0-4A4D-BBD9-283B75A9F072}.Debug|iPhoneSimulator.Deploy.0 = Debug|Any CPU
		{83A697A0-6BD0-4A4D-BBD9-283B75A9F072}.Release|Any CPU.ActiveCfg = Release|Any CPU
		{83A697A0-6BD0-4A4D-BBD9-283B75A9F072}.Release|Any CPU.Build.0 = Release|Any CPU
		{83A697A0-6BD0-4A4D-BBD9-283B75A9F072}.Release|Any CPU.Deploy.0 = Release|Any CPU
		{83A697A0-6BD0-4A4D-BBD9-283B75A9F072}.Release|iPhone.ActiveCfg = Release|Any CPU
		{83A697A0-6BD0-4A4D-BBD9-283B75A9F072}.Release|iPhone.Build.0 = Release|Any CPU
		{83A697A0-6BD0-4A4D-BBD9-283B75A9F072}.Release|iPhone.Deploy.0 = Release|Any CPU
		{83A697A0-6BD0-4A4D-BBD9-283B75A9F072}.Release|iPhoneSimulator.ActiveCfg = Release|Any CPU
		{83A697A0-6BD0-4A4D-BBD9-283B75A9F072}.Release|iPhoneSimulator.Build.0 = Release|Any CPU
		{83A697A0-6BD0-4A4D-BBD9-283B75A9F072}.Release|iPhoneSimulator.Deploy.0 = Release|Any CPU
		{82B3A030-1E8D-4F3C-99DA-FDA2A37AF68D}.Ad-Hoc|Any CPU.ActiveCfg = Ad-Hoc|iPhoneSimulator
		{82B3A030-1E8D-4F3C-99DA-FDA2A37AF68D}.Ad-Hoc|Any CPU.Build.0 = Ad-Hoc|iPhoneSimulator
		{82B3A030-1E8D-4F3C-99DA-FDA2A37AF68D}.Ad-Hoc|iPhone.ActiveCfg = Ad-Hoc|iPhone
		{82B3A030-1E8D-4F3C-99DA-FDA2A37AF68D}.Ad-Hoc|iPhone.Build.0 = Ad-Hoc|iPhone
		{82B3A030-1E8D-4F3C-99DA-FDA2A37AF68D}.Ad-Hoc|iPhoneSimulator.ActiveCfg = Ad-Hoc|iPhoneSimulator
		{82B3A030-1E8D-4F3C-99DA-FDA2A37AF68D}.Ad-Hoc|iPhoneSimulator.Build.0 = Ad-Hoc|iPhoneSimulator
		{82B3A030-1E8D-4F3C-99DA-FDA2A37AF68D}.AppStore|Any CPU.ActiveCfg = AppStore|iPhoneSimulator
		{82B3A030-1E8D-4F3C-99DA-FDA2A37AF68D}.AppStore|Any CPU.Build.0 = AppStore|iPhoneSimulator
		{82B3A030-1E8D-4F3C-99DA-FDA2A37AF68D}.AppStore|iPhone.ActiveCfg = AppStore|iPhone
		{82B3A030-1E8D-4F3C-99DA-FDA2A37AF68D}.AppStore|iPhone.Build.0 = AppStore|iPhone
		{82B3A030-1E8D-4F3C-99DA-FDA2A37AF68D}.AppStore|iPhoneSimulator.ActiveCfg = AppStore|iPhoneSimulator
		{82B3A030-1E8D-4F3C-99DA-FDA2A37AF68D}.AppStore|iPhoneSimulator.Build.0 = AppStore|iPhoneSimulator
		{82B3A030-1E8D-4F3C-99DA-FDA2A37AF68D}.Debug|Any CPU.ActiveCfg = Debug|iPhoneSimulator
		{82B3A030-1E8D-4F3C-99DA-FDA2A37AF68D}.Debug|Any CPU.Build.0 = Debug|iPhoneSimulator
		{82B3A030-1E8D-4F3C-99DA-FDA2A37AF68D}.Debug|iPhone.ActiveCfg = Debug|iPhone
		{82B3A030-1E8D-4F3C-99DA-FDA2A37AF68D}.Debug|iPhone.Build.0 = Debug|iPhone
		{82B3A030-1E8D-4F3C-99DA-FDA2A37AF68D}.Debug|iPhoneSimulator.ActiveCfg = Debug|iPhoneSimulator
		{82B3A030-1E8D-4F3C-99DA-FDA2A37AF68D}.Debug|iPhoneSimulator.Build.0 = Debug|iPhoneSimulator
		{82B3A030-1E8D-4F3C-99DA-FDA2A37AF68D}.Release|Any CPU.ActiveCfg = Release|iPhoneSimulator
		{82B3A030-1E8D-4F3C-99DA-FDA2A37AF68D}.Release|Any CPU.Build.0 = Release|iPhoneSimulator
		{82B3A030-1E8D-4F3C-99DA-FDA2A37AF68D}.Release|iPhone.ActiveCfg = Release|iPhone
		{82B3A030-1E8D-4F3C-99DA-FDA2A37AF68D}.Release|iPhone.Build.0 = Release|iPhone
		{82B3A030-1E8D-4F3C-99DA-FDA2A37AF68D}.Release|iPhoneSimulator.ActiveCfg = Release|iPhoneSimulator
		{82B3A030-1E8D-4F3C-99DA-FDA2A37AF68D}.Release|iPhoneSimulator.Build.0 = Release|iPhoneSimulator
		{C27393E4-16EA-4862-BD3D-446AC14872DA}.Ad-Hoc|Any CPU.ActiveCfg = Debug|Any CPU
		{C27393E4-16EA-4862-BD3D-446AC14872DA}.Ad-Hoc|Any CPU.Build.0 = Debug|Any CPU
		{C27393E4-16EA-4862-BD3D-446AC14872DA}.Ad-Hoc|iPhone.ActiveCfg = Debug|Any CPU
		{C27393E4-16EA-4862-BD3D-446AC14872DA}.Ad-Hoc|iPhone.Build.0 = Debug|Any CPU
		{C27393E4-16EA-4862-BD3D-446AC14872DA}.Ad-Hoc|iPhoneSimulator.ActiveCfg = Debug|Any CPU
		{C27393E4-16EA-4862-BD3D-446AC14872DA}.Ad-Hoc|iPhoneSimulator.Build.0 = Debug|Any CPU
		{C27393E4-16EA-4862-BD3D-446AC14872DA}.AppStore|Any CPU.ActiveCfg = Debug|Any CPU
		{C27393E4-16EA-4862-BD3D-446AC14872DA}.AppStore|Any CPU.Build.0 = Debug|Any CPU
		{C27393E4-16EA-4862-BD3D-446AC14872DA}.AppStore|iPhone.ActiveCfg = Debug|Any CPU
		{C27393E4-16EA-4862-BD3D-446AC14872DA}.AppStore|iPhone.Build.0 = Debug|Any CPU
		{C27393E4-16EA-4862-BD3D-446AC14872DA}.AppStore|iPhoneSimulator.ActiveCfg = Debug|Any CPU
		{C27393E4-16EA-4862-BD3D-446AC14872DA}.AppStore|iPhoneSimulator.Build.0 = Debug|Any CPU
		{C27393E4-16EA-4862-BD3D-446AC14872DA}.Debug|Any CPU.ActiveCfg = Debug|Any CPU
		{C27393E4-16EA-4862-BD3D-446AC14872DA}.Debug|Any CPU.Build.0 = Debug|Any CPU
		{C27393E4-16EA-4862-BD3D-446AC14872DA}.Debug|iPhone.ActiveCfg = Debug|Any CPU
		{C27393E4-16EA-4862-BD3D-446AC14872DA}.Debug|iPhone.Build.0 = Debug|Any CPU
		{C27393E4-16EA-4862-BD3D-446AC14872DA}.Debug|iPhoneSimulator.ActiveCfg = Debug|Any CPU
		{C27393E4-16EA-4862-BD3D-446AC14872DA}.Debug|iPhoneSimulator.Build.0 = Debug|Any CPU
		{C27393E4-16EA-4862-BD3D-446AC14872DA}.Release|Any CPU.ActiveCfg = Release|Any CPU
		{C27393E4-16EA-4862-BD3D-446AC14872DA}.Release|Any CPU.Build.0 = Release|Any CPU
		{C27393E4-16EA-4862-BD3D-446AC14872DA}.Release|iPhone.ActiveCfg = Release|Any CPU
		{C27393E4-16EA-4862-BD3D-446AC14872DA}.Release|iPhone.Build.0 = Release|Any CPU
		{C27393E4-16EA-4862-BD3D-446AC14872DA}.Release|iPhoneSimulator.ActiveCfg = Release|Any CPU
		{C27393E4-16EA-4862-BD3D-446AC14872DA}.Release|iPhoneSimulator.Build.0 = Release|Any CPU
	EndGlobalSection
	GlobalSection(SolutionProperties) = preSolution
		HideSolutionNode = FALSE
	EndGlobalSection
	GlobalSection(ExtensibilityGlobals) = postSolution
		SolutionGuid = {B2A4EF0D-B063-4201-9FE8-C6680CD46254}
	EndGlobalSection
EndGlobal
